
Microsoft Visual Studio Solution File, Format Version 12.00
# Visual Studio 15
VisualStudioVersion = 15.0.28307.136
MinimumVisualStudioVersion = 10.0.40219.1
Project("{FAE04EC0-301F-11D3-BF4B-00C04F79EFBC}") = "HLNote.Android", "HLNote\HLNote.Android\HLNote.Android.csproj", "{588D9FC5-EB16-4D79-9625-D31AB72DB8BD}"
EndProject
Project("{9A19103F-16F7-4668-BE54-9A1E7A4F7556}") = "HLNote", "HLNote\HLNote\HLNote.csproj", "{03AC3EBF-4977-4A43-AA0B-F9CE29514504}"
EndProject
Global
	GlobalSection(SolutionConfigurationPlatforms) = preSolution
		Debug|Any CPU = Debug|Any CPU
		Release|Any CPU = Release|Any CPU
	EndGlobalSection
	GlobalSection(ProjectConfigurationPlatforms) = postSolution
		{588D9FC5-EB16-4D79-9625-D31AB72DB8BD}.Debug|Any CPU.ActiveCfg = Debug|Any CPU
		{588D9FC5-EB16-4D79-9625-D31AB72DB8BD}.Debug|Any CPU.Build.0 = Debug|Any CPU
		{588D9FC5-EB16-4D79-9625-D31AB72DB8BD}.Debug|Any CPU.Deploy.0 = Debug|Any CPU
		{588D9FC5-EB16-4D79-9625-D31AB72DB8BD}.Release|Any CPU.ActiveCfg = Release|Any CPU
		{588D9FC5-EB16-4D79-9625-D31AB72DB8BD}.Release|Any CPU.Build.0 = Release|Any CPU
		{588D9FC5-EB16-4D79-9625-D31AB72DB8BD}.Release|Any CPU.Deploy.0 = Release|Any CPU
		{03AC3EBF-4977-4A43-AA0B-F9CE29514504}.Debug|Any CPU.ActiveCfg = Debug|Any CPU
		{03AC3EBF-4977-4A43-AA0B-F9CE29514504}.Debug|Any CPU.Build.0 = Debug|Any CPU
		{03AC3EBF-4977-4A43-AA0B-F9CE29514504}.Release|Any CPU.ActiveCfg = Release|Any CPU
		{03AC3EBF-4977-4A43-AA0B-F9CE29514504}.Release|Any CPU.Build.0 = Release|Any CPU
	EndGlobalSection
	GlobalSection(SolutionProperties) = preSolution
		HideSolutionNode = FALSE
	EndGlobalSection
	GlobalSection(ExtensibilityGlobals) = postSolution
		SolutionGuid = {28AB7E94-56E0-4F71-8D4C-17259E3C4B73}
	EndGlobalSection
EndGlobal
